
Microsoft Visual Studio Solution File, Format Version 12.00
# Visual Studio Version 16
VisualStudioVersion = 16.0.29806.167
MinimumVisualStudioVersion = 10.0.40219.1
Project("{9A19103F-16F7-4668-BE54-9A1E7A4F7556}") = "Notificacao.ConsumerEmail", "Notificacao.ConsumerEmail\Notificacao.ConsumerEmail.csproj", "{7328EC97-BF08-4791-907D-2BB4E11C61DD}"
EndProject
Project("{FAE04EC0-301F-11D3-BF4B-00C04F79EFBC}") = "Notificacao.Infrastructure", "Notificacao.Infrastructure\Notificacao.Infrastructure.csproj", "{5C7C91AC-B411-4898-B78F-27F006BE2758}"
EndProject
Project("{FAE04EC0-301F-11D3-BF4B-00C04F79EFBC}") = "Notificacao.Domain", "Notificacao.Domain\Notificacao.Domain.csproj", "{0BAAB065-FB7F-40C7-9D6D-5A278F2B2CA7}"
EndProject
Global
	GlobalSection(SolutionConfigurationPlatforms) = preSolution
		Debug|Any CPU = Debug|Any CPU
		Release|Any CPU = Release|Any CPU
	EndGlobalSection
	GlobalSection(ProjectConfigurationPlatforms) = postSolution
		{7328EC97-BF08-4791-907D-2BB4E11C61DD}.Debug|Any CPU.ActiveCfg = Debug|Any CPU
		{7328EC97-BF08-4791-907D-2BB4E11C61DD}.Debug|Any CPU.Build.0 = Debug|Any CPU
		{7328EC97-BF08-4791-907D-2BB4E11C61DD}.Release|Any CPU.ActiveCfg = Release|Any CPU
		{7328EC97-BF08-4791-907D-2BB4E11C61DD}.Release|Any CPU.Build.0 = Release|Any CPU
		{5C7C91AC-B411-4898-B78F-27F006BE2758}.Debug|Any CPU.ActiveCfg = Debug|Any CPU
		{5C7C91AC-B411-4898-B78F-27F006BE2758}.Debug|Any CPU.Build.0 = Debug|Any CPU
		{5C7C91AC-B411-4898-B78F-27F006BE2758}.Release|Any CPU.ActiveCfg = Release|Any CPU
		{5C7C91AC-B411-4898-B78F-27F006BE2758}.Release|Any CPU.Build.0 = Release|Any CPU
		{0BAAB065-FB7F-40C7-9D6D-5A278F2B2CA7}.Debug|Any CPU.ActiveCfg = Debug|Any CPU
		{0BAAB065-FB7F-40C7-9D6D-5A278F2B2CA7}.Debug|Any CPU.Build.0 = Debug|Any CPU
		{0BAAB065-FB7F-40C7-9D6D-5A278F2B2CA7}.Release|Any CPU.ActiveCfg = Release|Any CPU
		{0BAAB065-FB7F-40C7-9D6D-5A278F2B2CA7}.Release|Any CPU.Build.0 = Release|Any CPU
	EndGlobalSection
	GlobalSection(SolutionProperties) = preSolution
		HideSolutionNode = FALSE
	EndGlobalSection
	GlobalSection(ExtensibilityGlobals) = postSolution
		SolutionGuid = {D0249043-D686-46EC-A645-309294F0B8F0}
	EndGlobalSection
EndGlobal
